# This file was autogenerated by Stack.
# You should not edit this file by hand.
# For more information, please see the documentation at:
#   https://docs.haskellstack.org/en/stable/lock_files

packages:
- completed:
    hackage: hspec-2.10.10@sha256:7516848133191eb01d8e7349d9ca696250eb12d6a4f2d1f20cca82a06597c66b,1717
    pantry-tree:
      sha256: 519c23917234c6f70b6775706d94ce99a247afbbc8d0a28bfc0f0c44e2231a94
      size: 583
  original:
    hackage: hspec-2.10.10
snapshots:
- completed:
    sha256: 5d1df60a0aaf19ab42eb79d5ca01ab812318a96be3925559e902e1bfd8cac569
    size: 649582
    url: https://raw.githubusercontent.com/commercialhaskell/stackage-snapshots/master/lts/20/15.yaml
  original:
    url: https://raw.githubusercontent.com/commercialhaskell/stackage-snapshots/master/lts/20/15.yaml
